
Microsoft Visual Studio Solution File, Format Version 12.00
# Visual Studio Version 17
VisualStudioVersion = 17.3.32929.385
MinimumVisualStudioVersion = 10.0.40219.1
Project("{FAE04EC0-301F-11D3-BF4B-00C04F79EFBC}") = "Migyston-web-app", "Migyston-web-app\Migyston-web-app.csproj", "{07385054-5323-4BBA-8352-27F9CB7B4AF0}"
EndProject
Global
	GlobalSection(SolutionConfigurationPlatforms) = preSolution
		Debug|Any CPU = Debug|Any CPU
		Release|Any CPU = Release|Any CPU
	EndGlobalSection
	GlobalSection(ProjectConfigurationPlatforms) = postSolution
		{07385054-5323-4BBA-8352-27F9CB7B4AF0}.Debug|Any CPU.ActiveCfg = Debug|Any CPU
		{07385054-5323-4BBA-8352-27F9CB7B4AF0}.Debug|Any CPU.Build.0 = Debug|Any CPU
		{07385054-5323-4BBA-8352-27F9CB7B4AF0}.Release|Any CPU.ActiveCfg = Release|Any CPU
		{07385054-5323-4BBA-8352-27F9CB7B4AF0}.Release|Any CPU.Build.0 = Release|Any CPU
	EndGlobalSection
	GlobalSection(SolutionProperties) = preSolution
		HideSolutionNode = FALSE
	EndGlobalSection
	GlobalSection(ExtensibilityGlobals) = postSolution
		SolutionGuid = {8347C852-891B-45D8-94A0-1E5F983F6C5B}
	EndGlobalSection
EndGlobal
